# This file is automatically @generated by Poetry 1.8.2 and should not be changed by hand.

[[package]]
name = "pydicom"
version = "2.4.4"
description = "A pure Python package for reading and writing DICOM data"
optional = false
python-versions = ">=3.7"
files = [
    {file = "pydicom-2.4.4-py3-none-any.whl", hash = "sha256:f9f8e19b78525be57aa6384484298833e4d06ac1d6226c79459131ddb0bd7c42"},
    {file = "pydicom-2.4.4.tar.gz", hash = "sha256:90b4801d851ce65be3df520e16bbfa3d6c767cf2a3a3b1c18f6780e6b670b87a"},
]

[package.extras]
docs = ["matplotlib", "numpy", "numpydoc", "pillow", "sphinx", "sphinx-copybutton", "sphinx-gallery", "sphinx_rtd_theme", "sphinxcontrib-napoleon"]

[metadata]
lock-version = "2.0"
python-versions = "^3.11"
content-hash = "bfc3cdab742dfeda530d7108ca88685f7beeca8ecbce1d6a36a8cf3e77c6912a"
